
Microsoft Visual Studio Solution File, Format Version 12.00
# Visual Studio Version 16
VisualStudioVersion = 16.0.31515.178
MinimumVisualStudioVersion = 10.0.40219.1
Project("{FAE04EC0-301F-11D3-BF4B-00C04F79EFBC}") = "PRINCIPIOS_SOLID_L", "PRINCIPIOS_SOLID_L\PRINCIPIOS_SOLID_L.csproj", "{383A562B-0516-423E-98A1-F3C8615A2E04}"
EndProject
Global
	GlobalSection(SolutionConfigurationPlatforms) = preSolution
		Debug|Any CPU = Debug|Any CPU
		Release|Any CPU = Release|Any CPU
	EndGlobalSection
	GlobalSection(ProjectConfigurationPlatforms) = postSolution
		{383A562B-0516-423E-98A1-F3C8615A2E04}.Debug|Any CPU.ActiveCfg = Debug|Any CPU
		{383A562B-0516-423E-98A1-F3C8615A2E04}.Debug|Any CPU.Build.0 = Debug|Any CPU
		{383A562B-0516-423E-98A1-F3C8615A2E04}.Release|Any CPU.ActiveCfg = Release|Any CPU
		{383A562B-0516-423E-98A1-F3C8615A2E04}.Release|Any CPU.Build.0 = Release|Any CPU
	EndGlobalSection
	GlobalSection(SolutionProperties) = preSolution
		HideSolutionNode = FALSE
	EndGlobalSection
	GlobalSection(ExtensibilityGlobals) = postSolution
		SolutionGuid = {5DBD8FE5-3941-45CB-837A-62B6AEB25062}
	EndGlobalSection
EndGlobal
